
Microsoft Visual Studio Solution File, Format Version 12.00
# Visual Studio 15
VisualStudioVersion = 15.0.28307.421
MinimumVisualStudioVersion = 10.0.40219.1
Project("{8BC9CEB8-8B4A-11D0-8D11-00A0C91BC942}") = "rendering", "rendering\rendering.vcxproj", "{CB6AC2EB-3BB8-4BB8-8BA4-F3A999071F58}"
EndProject
Global
	GlobalSection(SolutionConfigurationPlatforms) = preSolution
		Debug|x64 = Debug|x64
		Debug|x86 = Debug|x86
		Release|x64 = Release|x64
		Release|x86 = Release|x86
	EndGlobalSection
	GlobalSection(ProjectConfigurationPlatforms) = postSolution
		{CB6AC2EB-3BB8-4BB8-8BA4-F3A999071F58}.Debug|x64.ActiveCfg = Debug|x64
		{CB6AC2EB-3BB8-4BB8-8BA4-F3A999071F58}.Debug|x64.Build.0 = Debug|x64
		{CB6AC2EB-3BB8-4BB8-8BA4-F3A999071F58}.Debug|x86.ActiveCfg = Debug|Win32
		{CB6AC2EB-3BB8-4BB8-8BA4-F3A999071F58}.Debug|x86.Build.0 = Debug|Win32
		{CB6AC2EB-3BB8-4BB8-8BA4-F3A999071F58}.Release|x64.ActiveCfg = Release|x64
		{CB6AC2EB-3BB8-4BB8-8BA4-F3A999071F58}.Release|x64.Build.0 = Release|x64
		{CB6AC2EB-3BB8-4BB8-8BA4-F3A999071F58}.Release|x86.ActiveCfg = Release|Win32
		{CB6AC2EB-3BB8-4BB8-8BA4-F3A999071F58}.Release|x86.Build.0 = Release|Win32
	EndGlobalSection
	GlobalSection(SolutionProperties) = preSolution
		HideSolutionNode = FALSE
	EndGlobalSection
	GlobalSection(ExtensibilityGlobals) = postSolution
		SolutionGuid = {186915C0-5E36-475C-B072-07A6B4F72243}
	EndGlobalSection
EndGlobal
