<?xml version="1.0" encoding="utf-8"?>
<Project ToolsVersion="4.0" xmlns="http://schemas.microsoft.com/developer/msbuild/2003">
  <ItemGroup>
    <Filter Include="Source Files">
      <UniqueIdentifier>{4FC737F1-C7A5-4376-A066-2A32D752A2FF}</UniqueIdentifier>
      <Extensions>cpp;c;cc;cxx;def;odl;idl;hpj;bat;asm;asmx</Extensions>
    </Filter>
    <Filter Include="Header Files">
      <UniqueIdentifier>{93995380-89BD-4b04-88EB-625FBE52EBFB}</UniqueIdentifier>
      <Extensions>h;hh;hpp;hxx;hm;inl;inc;ipp;xsd</Extensions>
    </Filter>
    <Filter Include="Resource Files">
      <UniqueIdentifier>{67DA6AB6-F800-4c08-8B7A-83BB121AAD01}</UniqueIdentifier>
      <Extensions>rc;ico;cur;bmp;dlg;rc2;rct;bin;rgs;gif;jpg;jpeg;jpe;resx;tiff;tif;png;wav;mfcribbon-ms</Extensions>
    </Filter>
    <Filter Include="Header Files\window">
      <UniqueIdentifier>{628e8ebc-eba7-4bbe-b24b-696a29bd8f5f}</UniqueIdentifier>
    </Filter>
    <Filter Include="Source Files\window">
      <UniqueIdentifier>{2ee87a45-a4cd-4f72-a7cc-4416c20badc0}</UniqueIdentifier>
    </Filter>
    <Filter Include="Header Files\app">
      <UniqueIdentifier>{171a89fc-c2af-4637-a19f-c6f8d61c06b8}</UniqueIdentifier>
    </Filter>
    <Filter Include="Source Files\app">
      <UniqueIdentifier>{c8ca0e94-ecf2-450f-a311-4bdce5b49c1d}</UniqueIdentifier>
    </Filter>
    <Filter Include="Header Files\backend">
      <UniqueIdentifier>{6bc6247b-4be5-4591-8513-1791c93181f4}</UniqueIdentifier>
    </Filter>
    <Filter Include="Source Files\backend">
      <UniqueIdentifier>{9b47eab4-a6bb-4f85-af74-11de48f39cd7}</UniqueIdentifier>
    </Filter>
    <Filter Include="Source Files\glgpu">
      <UniqueIdentifier>{e95a6cae-efd3-4546-9b81-26c074125def}</UniqueIdentifier>
    </Filter>
    <Filter Include="Header Files\glgpu">
      <UniqueIdentifier>{8114925a-7e39-4e09-8df2-729c352bab06}</UniqueIdentifier>
    </Filter>
    <Filter Include="Header Files\geometry">
      <UniqueIdentifier>{d58637b7-ff01-48ba-9a84-fbf7345ad795}</UniqueIdentifier>
    </Filter>
    <Filter Include="Source Files\geometry">
      <UniqueIdentifier>{02f763f6-e5cf-4f87-98d7-761deb9ce8c9}</UniqueIdentifier>
    </Filter>
    <Filter Include="Header Files\world">
      <UniqueIdentifier>{8db8f275-4d3f-43a4-adcb-f19a44107156}</UniqueIdentifier>
    </Filter>
    <Filter Include="Source Files\world">
      <UniqueIdentifier>{1acbb581-a710-4ec8-9b27-b647af1b3d61}</UniqueIdentifier>
    </Filter>
    <Filter Include="Header Files\engine">
      <UniqueIdentifier>{54177124-b493-480b-b8fd-e38f61306b26}</UniqueIdentifier>
    </Filter>
    <Filter Include="Source Files\engine">
      <UniqueIdentifier>{148504de-78ff-4428-a00b-a6ce4e86b344}</UniqueIdentifier>
    </Filter>
    <Filter Include="Header Files\engine\shaders">
      <UniqueIdentifier>{b6350581-c2c0-41a9-b488-fb95e505d5e5}</UniqueIdentifier>
    </Filter>
    <Filter Include="Header Files\IO">
      <UniqueIdentifier>{606dc22b-4e5b-4888-8841-1e8668b5961d}</UniqueIdentifier>
    </Filter>
    <Filter Include="Source Files\IO">
      <UniqueIdentifier>{2027e95a-78c0-467e-b4c9-d4524856760c}</UniqueIdentifier>
    </Filter>
    <Filter Include="Header Files\math">
      <UniqueIdentifier>{2d2172c1-6e6a-4f50-b2a3-0512a7b3d41f}</UniqueIdentifier>
    </Filter>
    <Filter Include="Header Files\engine\renderers">
      <UniqueIdentifier>{35271922-ff38-4e7d-92f4-e5da6dfa7ade}</UniqueIdentifier>
    </Filter>
    <Filter Include="Source Files\engine\renderers">
      <UniqueIdentifier>{baa33733-7e54-4b9e-b953-1ab07e1429bb}</UniqueIdentifier>
    </Filter>
  </ItemGroup>
  <ItemGroup>
    <ClCompile Include="main.cpp">
      <Filter>Source Files</Filter>
    </ClCompile>
    <ClCompile Include="window\window.cpp">
      <Filter>Source Files\window</Filter>
    </ClCompile>
    <ClCompile Include="app\app.cpp">
      <Filter>Source Files\app</Filter>
    </ClCompile>
    <ClCompile Include="backend\backend.cpp">
      <Filter>Source Files\backend</Filter>
    </ClCompile>
    <ClCompile Include="gpu_gl\glgpu.cpp">
      <Filter>Source Files\glgpu</Filter>
    </ClCompile>
    <ClCompile Include="geometry\Mesh.cpp">
      <Filter>Source Files\geometry</Filter>
    </ClCompile>
    <ClCompile Include="world\World.cpp">
      <Filter>Source Files\world</Filter>
    </ClCompile>
    <ClCompile Include="engine\Engine.cpp">
      <Filter>Source Files\engine</Filter>
    </ClCompile>
    <ClCompile Include="IO\STL_Reader.cpp">
      <Filter>Source Files\IO</Filter>
    </ClCompile>
    <ClCompile Include="IO\Image.cpp">
      <Filter>Source Files\IO</Filter>
    </ClCompile>
    <ClCompile Include="engine\renderers\PBR_Renderer.cpp">
      <Filter>Source Files\engine\renderers</Filter>
    </ClCompile>
    <ClCompile Include="engine\renderers\Phong_Renderer.cpp">
      <Filter>Source Files\engine\renderers</Filter>
    </ClCompile>
    <ClCompile Include="engine\renderers\Skybox_Renderer.cpp">
      <Filter>Source Files\engine\renderers</Filter>
    </ClCompile>
    <ClCompile Include="engine\renderers\Phong_Shadow_Renderer.cpp">
      <Filter>Source Files\engine\renderers</Filter>
    </ClCompile>
  </ItemGroup>
  <ItemGroup>
    <ClInclude Include="window\window.h">
      <Filter>Header Files\window</Filter>
    </ClInclude>
    <ClInclude Include="app\app.h">
      <Filter>Header Files\app</Filter>
    </ClInclude>
    <ClInclude Include="backend\backend.h">
      <Filter>Header Files\backend</Filter>
    </ClInclude>
    <ClInclude Include="gpu_gl\glgpu.h">
      <Filter>Header Files\glgpu</Filter>
    </ClInclude>
    <ClInclude Include="geometry\vertex.h">
      <Filter>Header Files\geometry</Filter>
    </ClInclude>
    <ClInclude Include="geometry\Mesh.h">
      <Filter>Header Files\geometry</Filter>
    </ClInclude>
    <ClInclude Include="world\World.h">
      <Filter>Header Files\world</Filter>
    </ClInclude>
    <ClInclude Include="engine\Engine.h">
      <Filter>Header Files\engine</Filter>
    </ClInclude>
    <ClInclude Include="IO\STL_Reader.h">
      <Filter>Header Files\IO</Filter>
    </ClInclude>
    <ClInclude Include="math\Vector.h">
      <Filter>Header Files\math</Filter>
    </ClInclude>
    <ClInclude Include="IO\Stb_Image.h">
      <Filter>Header Files\IO</Filter>
    </ClInclude>
    <ClInclude Include="IO\Image.h">
      <Filter>Header Files\IO</Filter>
    </ClInclude>
    <ClInclude Include="math\Matrix.h">
      <Filter>Header Files\math</Filter>
    </ClInclude>
    <ClInclude Include="math\Gfx.h">
      <Filter>Header Files\math</Filter>
    </ClInclude>
    <ClInclude Include="world\3Dobject.h">
      <Filter>Header Files\world</Filter>
    </ClInclude>
    <ClInclude Include="math\Transform.h">
      <Filter>Header Files\math</Filter>
    </ClInclude>
    <ClInclude Include="world\Camera.h">
      <Filter>Header Files\world</Filter>
    </ClInclude>
    <ClInclude Include="math\Quaternion.h">
      <Filter>Header Files\math</Filter>
    </ClInclude>
    <ClInclude Include="IO\Input.h">
      <Filter>Header Files\IO</Filter>
    </ClInclude>
    <ClInclude Include="Defs.h">
      <Filter>Header Files</Filter>
    </ClInclude>
    <ClInclude Include="engine\renderers\PBR_Renderer.h">
      <Filter>Header Files\engine\renderers</Filter>
    </ClInclude>
    <ClInclude Include="engine\renderers\Phong_Renderer.h">
      <Filter>Header Files\engine\renderers</Filter>
    </ClInclude>
    <ClInclude Include="engine\renderers\Skybox_Renderer.h">
      <Filter>Header Files\engine\renderers</Filter>
    </ClInclude>
    <ClInclude Include="engine\renderers\Phong_Shadow_Renderer.h">
      <Filter>Header Files\engine\renderers</Filter>
    </ClInclude>
    <ClInclude Include="IO\Stb_Image_Write.h">
      <Filter>Header Files\IO</Filter>
    </ClInclude>
  </ItemGroup>
  <ItemGroup>
    <None Include="engine\shaders\phong.pixel">
      <Filter>Header Files\engine\shaders</Filter>
    </None>
    <None Include="engine\shaders\phong.vertex">
      <Filter>Header Files\engine\shaders</Filter>
    </None>
    <None Include="engine\shaders\pbr.pixel">
      <Filter>Header Files\engine\shaders</Filter>
    </None>
    <None Include="engine\shaders\pbr.vertex">
      <Filter>Header Files\engine\shaders</Filter>
    </None>
    <None Include="engine\shaders\skybox.pixel">
      <Filter>Header Files\engine\shaders</Filter>
    </None>
    <None Include="engine\shaders\skybox.vertex">
      <Filter>Header Files\engine\shaders</Filter>
    </None>
    <None Include="engine\shaders\depth.vertex">
      <Filter>Header Files\engine\shaders</Filter>
    </None>
    <None Include="engine\shaders\depth.pixel">
      <Filter>Header Files\engine\shaders</Filter>
    </None>
    <None Include="engine\shaders\phong_shadow.pixel">
      <Filter>Header Files\engine\shaders</Filter>
    </None>
    <None Include="engine\shaders\phong_shadow.vertex">
      <Filter>Header Files\engine\shaders</Filter>
    </None>
  </ItemGroup>
</Project>